
Microsoft Visual Studio Solution File, Format Version 12.00
# Visual Studio Version 17
VisualStudioVersion = 17.8.34330.188
MinimumVisualStudioVersion = 10.0.40219.1
Project("{FAE04EC0-301F-11D3-BF4B-00C04F79EFBC}") = "SignalRServer.API", "SignalRServer.API\SignalRServer.API.csproj", "{E422DC11-A283-43DC-BDF2-8BD0339EE5E1}"
EndProject
Project("{FAE04EC0-301F-11D3-BF4B-00C04F79EFBC}") = "SignalRClient.MVC", "SignalRClient.MVC\SignalRClient.MVC.csproj", "{044C2C97-F91D-4BC0-A2B5-3C09373B9FEF}"
EndProject
Global
	GlobalSection(SolutionConfigurationPlatforms) = preSolution
		Debug|Any CPU = Debug|Any CPU
		Release|Any CPU = Release|Any CPU
	EndGlobalSection
	GlobalSection(ProjectConfigurationPlatforms) = postSolution
		{E422DC11-A283-43DC-BDF2-8BD0339EE5E1}.Debug|Any CPU.ActiveCfg = Debug|Any CPU
		{E422DC11-A283-43DC-BDF2-8BD0339EE5E1}.Debug|Any CPU.Build.0 = Debug|Any CPU
		{E422DC11-A283-43DC-BDF2-8BD0339EE5E1}.Release|Any CPU.ActiveCfg = Release|Any CPU
		{E422DC11-A283-43DC-BDF2-8BD0339EE5E1}.Release|Any CPU.Build.0 = Release|Any CPU
		{044C2C97-F91D-4BC0-A2B5-3C09373B9FEF}.Debug|Any CPU.ActiveCfg = Debug|Any CPU
		{044C2C97-F91D-4BC0-A2B5-3C09373B9FEF}.Debug|Any CPU.Build.0 = Debug|Any CPU
		{044C2C97-F91D-4BC0-A2B5-3C09373B9FEF}.Release|Any CPU.ActiveCfg = Release|Any CPU
		{044C2C97-F91D-4BC0-A2B5-3C09373B9FEF}.Release|Any CPU.Build.0 = Release|Any CPU
	EndGlobalSection
	GlobalSection(SolutionProperties) = preSolution
		HideSolutionNode = FALSE
	EndGlobalSection
	GlobalSection(ExtensibilityGlobals) = postSolution
		SolutionGuid = {DDC5EFDC-19E7-4B8A-BEA5-661F35E27C9B}
	EndGlobalSection
EndGlobal
